github.com/chzyer/logex v1.1.10/go.mod h1:+Ywpsq7O8HXn0nuIou7OrIPyXbp3wmkHB+jjWRnGsAI=
github.com/chzyer/readline v0.0.0-20180603132655-2972be24d48e/go.mod h1:nSuG5e5PlCu98SY8svDHJxuZscDgtXS6KTTbou5AhLI=
github.com/chzyer/test v0.0.0-20180213035817-a1ea475d72b1/go.mod h1:Q3SI9o4m/ZMnBNeIyt5eFwwo7qiLfzFZmjNmxjkiQlU=
github.com/essentialkaos/branca/v2 v2.0.3 h1:6t2MUdj7+2KQrC3LhBJ+5FTcEx0A06tjQY/WbND/v30=
github.com/essentialkaos/branca/v2 v2.0.3/go.mod h1:bfjNZRTaAYTEOc8uNs+v5OrqlcZQFRkfDN3I3+vg6YU=
github.com/golang-jwt/jwt/v5 v5.0.0-rc.2 h1:hXPcSazn8wKOfSb9y2m1bdgUMlDxVDarxh3lJVbC6JE=
github.com/golang-jwt/jwt/v5 v5.0.0-rc.2/go.mod h1:pqrtFR0X4osieyHYxtmOUWsAWrfe1Q5UVIyoH402zdk=
github.com/lib/pq v1.10.7 h1:p7ZhMD+KsSRozJr34udlUrhboJwWAgCg34+/ZZNvZZw=
github.com/lib/pq v1.10.7/go.mod h1:AlVN5x4E4T544tWzH6hKfbfQvm3HdbOxrmggDNAPY9o=
github.com/yuin/gopher-lua v1.0.0 h1:pQCf0LN67Kf7M5u7vRd40A8M1I8IMLrxlqngUJgZ0Ow=
github.com/yuin/gopher-lua v1.0.0/go.mod h1:GBR0iDaNXjAgGg9zfCvksxSRnQx76gclCIb7kdAd1Pw=
golang.org/x/crypto v0.19.0 h1:ENy+Az/9Y1vSrlrvBSyna3PITt4tiZLf7sgCjZBX7Wo=
golang.org/x/crypto v0.19.0/go.mod h1:Iy9bg/ha4yyC70EfRS8jz+B6ybOBKMaSxLj6P6oBDfU=
golang.org/x/sys v0.0.0-20190204203706-41f3e6584952/go.mod h1:STP8DvDyc/dI5b8T5hshtkjS+E42TnysNCUPdjciGhY=
golang.org/x/sys v0.17.0 h1:25cE3gD+tdBA7lp7QfhuV+rJiE9YXTcS3VG1SqssI/Y=
golang.org/x/sys v0.17.0/go.mod h1:/VUhepiaJMQUp4+oa/7Zr1D23ma6VTLIYjOOTFZPUcA=
